// !$*UTF8*$!
{
	archiveVersion = 1;
	classes = {
	};
	objectVersion = 46;
	objects = {

/* Begin PBXBuildFile section */
		32CFA5042AA266A54C0BE5DD /* Pods_RxSwiftDemo.framework in Frameworks */ = {isa = PBXBuildFile; fileRef = D8E92FBDB5E5E1951FDED6F0 /* Pods_RxSwiftDemo.framework */; };
		C7701EBB1F171A6F006EDEF7 /* AppDelegate.swift in Sources */ = {isa = PBXBuildFile; fileRef = C7701EBA1F171A6F006EDEF7 /* AppDelegate.swift */; };
		C7701EBD1F171A6F006EDEF7 /* ViewController.swift in Sources */ = {isa = PBXBuildFile; fileRef = C7701EBC1F171A6F006EDEF7 /* ViewController.swift */; };
		C7701EC01F171A6F006EDEF7 /* Main.storyboard in Resources */ = {isa = PBXBuildFile; fileRef = C7701EBE1F171A6F006EDEF7 /* Main.storyboard */; };
		C7701EC21F171A6F006EDEF7 /* Assets.xcassets in Resources */ = {isa = PBXBuildFile; fileRef = C7701EC11F171A6F006EDEF7 /* Assets.xcassets */; };
		C7701EC51F171A6F006EDEF7 /* LaunchScreen.storyboard in Resources */ = {isa = PBXBuildFile; fileRef = C7701EC31F171A6F006EDEF7 /* LaunchScreen.storyboard */; };
		C7BDD2C31F5D51F400841034 /* Protocols.swift in Sources */ = {isa = PBXBuildFile; fileRef = C7BDD2C21F5D51F400841034 /* Protocols.swift */; };
		C7BDD2CB1F5D538900841034 /* ViewModel.swift in Sources */ = {isa = PBXBuildFile; fileRef = C7BDD2CA1F5D538900841034 /* ViewModel.swift */; };
		C7BDD2CD1F5D539300841034 /* ValidatedModel.swift in Sources */ = {isa = PBXBuildFile; fileRef = C7BDD2CC1F5D539300841034 /* ValidatedModel.swift */; };
/* End PBXBuildFile section */

/* Begin PBXFileReference section */
		4557FF21A250DB7B83380ED1 /* Pods-RxSwiftDemo.debug.xcconfig */ = {isa = PBXFileReference; includeInIndex = 1; lastKnownFileType = text.xcconfig; name = "Pods-RxSwiftDemo.debug.xcconfig"; path = "Pods/Target Support Files/Pods-RxSwiftDemo/Pods-RxSwiftDemo.debug.xcconfig"; sourceTree = "<group>"; };
		58026ADB9A863FB506C0B8E8 /* Pods-RxSwiftDemo.release.xcconfig */ = {isa = PBXFileReference; includeInIndex = 1; lastKnownFileType = text.xcconfig; name = "Pods-RxSwiftDemo.release.xcconfig"; path = "Pods/Target Support Files/Pods-RxSwiftDemo/Pods-RxSwiftDemo.release.xcconfig"; sourceTree = "<group>"; };
		C7701EB71F171A6F006EDEF7 /* RxSwiftDemo.app */ = {isa = PBXFileReference; explicitFileType = wrapper.application; includeInIndex = 0; path = RxSwiftDemo.app; sourceTree = BUILT_PRODUCTS_DIR; };
		C7701EBA1F171A6F006EDEF7 /* AppDelegate.swift */ = {isa = PBXFileReference; lastKnownFileType = sourcecode.swift; path = AppDelegate.swift; sourceTree = "<group>"; };
		C7701EBC1F171A6F006EDEF7 /* ViewController.swift */ = {isa = PBXFileReference; lastKnownFileType = sourcecode.swift; path = ViewController.swift; sourceTree = "<group>"; };
		C7701EBF1F171A6F006EDEF7 /* Base */ = {isa = PBXFileReference; lastKnownFileType = file.storyboard; name = Base; path = Base.lproj/Main.storyboard; sourceTree = "<group>"; };
		C7701EC11F171A6F006EDEF7 /* Assets.xcassets */ = {isa = PBXFileReference; lastKnownFileType = folder.assetcatalog; path = Assets.xcassets; sourceTree = "<group>"; };
		C7701EC41F171A6F006EDEF7 /* Base */ = {isa = PBXFileReference; lastKnownFileType = file.storyboard; name = Base; path = Base.lproj/LaunchScreen.storyboard; sourceTree = "<group>"; };
		C7701EC61F171A6F006EDEF7 /* Info.plist */ = {isa = PBXFileReference; lastKnownFileType = text.plist.xml; path = Info.plist; sourceTree = "<group>"; };
		C7BDD2C21F5D51F400841034 /* Protocols.swift */ = {isa = PBXFileReference; fileEncoding = 4; lastKnownFileType = sourcecode.swift; path = Protocols.swift; sourceTree = "<group>"; };
		C7BDD2CA1F5D538900841034 /* ViewModel.swift */ = {isa = PBXFileReference; fileEncoding = 4; lastKnownFileType = sourcecode.swift; path = ViewModel.swift; sourceTree = "<group>"; };
		C7BDD2CC1F5D539300841034 /* ValidatedModel.swift */ = {isa = PBXFileReference; fileEncoding = 4; lastKnownFileType = sourcecode.swift; path = ValidatedModel.swift; sourceTree = "<group>"; };
		D8E92FBDB5E5E1951FDED6F0 /* Pods_RxSwiftDemo.framework */ = {isa = PBXFileReference; explicitFileType = wrapper.framework; includeInIndex = 0; path = Pods_RxSwiftDemo.framework; sourceTree = BUILT_PRODUCTS_DIR; };
/* End PBXFileReference section */

/* Begin PBXFrameworksBuildPhase section */
		C7701EB41F171A6F006EDEF7 /* Frameworks */ = {
			isa = PBXFrameworksBuildPhase;
			buildActionMask = 2147483647;
			files = (
				32CFA5042AA266A54C0BE5DD /* Pods_RxSwiftDemo.framework in Frameworks */,
			);
			runOnlyForDeploymentPostprocessing = 0;
		};
/* End PBXFrameworksBuildPhase section */

/* Begin PBXGroup section */
		27EFFFF016D044D3A2DC9708 /* Frameworks */ = {
			isa = PBXGroup;
			children = (
				D8E92FBDB5E5E1951FDED6F0 /* Pods_RxSwiftDemo.framework */,
			);
			name = Frameworks;
			sourceTree = "<group>";
		};
		C7701EAE1F171A6F006EDEF7 = {
			isa = PBXGroup;
			children = (
				C7701EB91F171A6F006EDEF7 /* RxSwiftDemo */,
				C7701EB81F171A6F006EDEF7 /* Products */,
				CB8F0675F1E283E9E5F29340 /* Pods */,
				27EFFFF016D044D3A2DC9708 /* Frameworks */,
			);
			sourceTree = "<group>";
		};
		C7701EB81F171A6F006EDEF7 /* Products */ = {
			isa = PBXGroup;
			children = (
				C7701EB71F171A6F006EDEF7 /* RxSwiftDemo.app */,
			);
			name = Products;
			sourceTree = "<group>";
		};
		C7701EB91F171A6F006EDEF7 /* RxSwiftDemo */ = {
			isa = PBXGroup;
			children = (
				C7701EBA1F171A6F006EDEF7 /* AppDelegate.swift */,
				C7701EBC1F171A6F006EDEF7 /* ViewController.swift */,
				C7BDD2C21F5D51F400841034 /* Protocols.swift */,
				C7BDD2CC1F5D539300841034 /* ValidatedModel.swift */,
				C7BDD2B91F5D4C0A00841034 /* MVVM */,
				C7BDD2CE1F5D56F300841034 /* Supporting Files */,
			);
			path = RxSwiftDemo;
			sourceTree = "<group>";
		};
		C7BDD2B91F5D4C0A00841034 /* MVVM */ = {
			isa = PBXGroup;
			children = (
				C7BDD2CA1F5D538900841034 /* ViewModel.swift */,
			);
			path = MVVM;
			sourceTree = "<group>";
		};
		C7BDD2CE1F5D56F300841034 /* Supporting Files */ = {
			isa = PBXGroup;
			children = (
				C7701EBE1F171A6F006EDEF7 /* Main.storyboard */,
				C7701EC11F171A6F006EDEF7 /* Assets.xcassets */,
				C7701EC31F171A6F006EDEF7 /* LaunchScreen.storyboard */,
				C7701EC61F171A6F006EDEF7 /* Info.plist */,
			);
			name = "Supporting Files";
			sourceTree = "<group>";
		};
		CB8F0675F1E283E9E5F29340 /* Pods */ = {
			isa = PBXGroup;
			children = (
				4557FF21A250DB7B83380ED1 /* Pods-RxSwiftDemo.debug.xcconfig */,
				58026ADB9A863FB506C0B8E8 /* Pods-RxSwiftDemo.release.xcconfig */,
			);
			name = Pods;
			sourceTree = "<group>";
		};
/* End PBXGroup section */

/* Begin PBXNativeTarget section */
		C7701EB61F171A6F006EDEF7 /* RxSwiftDemo */ = {
			isa = PBXNativeTarget;
			buildConfigurationList = C7701EC91F171A6F006EDEF7 /* Build configuration list for PBXNativeTarget "RxSwiftDemo" */;
			buildPhases = (
				2394FA6B9208117419EDA5E7 /* [CP] Check Pods Manifest.lock */,
				C7701EB31F171A6F006EDEF7 /* Sources */,
				C7701EB41F171A6F006EDEF7 /* Frameworks */,
				C7701EB51F171A6F006EDEF7 /* Resources */,
				659806B7A38F1E0D45725151 /* [CP] Embed Pods Frameworks */,
				3CC1239BFDCAA239322DDFA2 /* [CP] Copy Pods Resources */,
			);
			buildRules = (
			);
			dependencies = (
			);
			name = RxSwiftDemo;
			productName = RxSwiftDemo;
			productReference = C7701EB71F171A6F006EDEF7 /* RxSwiftDemo.app */;
			productType = "com.apple.product-type.application";
		};
/* End PBXNativeTarget section */

/* Begin PBXProject section */
		C7701EAF1F171A6F006EDEF7 /* Project object */ = {
			isa = PBXProject;
			attributes = {
				LastSwiftUpdateCheck = 0830;
				LastUpgradeCheck = 0830;
				ORGANIZATIONNAME = "叶佳骏";
				TargetAttributes = {
					C7701EB61F171A6F006EDEF7 = {
						CreatedOnToolsVersion = 8.3.2;
						DevelopmentTeam = RAT87H825N;
						ProvisioningStyle = Automatic;
					};
				};
			};
			buildConfigurationList = C7701EB21F171A6F006EDEF7 /* Build configuration list for PBXProject "RxSwiftDemo" */;
			compatibilityVersion = "Xcode 3.2";
			developmentRegion = English;
			hasScannedForEncodings = 0;
			knownRegions = (
				en,
				Base,
			);
			mainGroup = C7701EAE1F171A6F006EDEF7;
			productRefGroup = C7701EB81F171A6F006EDEF7 /* Products */;
			projectDirPath = "";
			projectRoot = "";
			targets = (
				C7701EB61F171A6F006EDEF7 /* RxSwiftDemo */,
			);
		};
/* End PBXProject section */

/* Begin PBXResourcesBuildPhase section */
		C7701EB51F171A6F006EDEF7 /* Resources */ = {
			isa = PBXResourcesBuildPhase;
			buildActionMask = 2147483647;
			files = (
				C7701EC51F171A6F006EDEF7 /* LaunchScreen.storyboard in Resources */,
				C7701EC21F171A6F006EDEF7 /* Assets.xcassets in Resources */,
				C7701EC01F171A6F006EDEF7 /* Main.storyboard in Resources */,
			);
			runOnlyForDeploymentPostprocessing = 0;
		};
/* End PBXResourcesBuildPhase section */

/* Begin PBXShellScriptBuildPhase section */
		2394FA6B9208117419EDA5E7 /* [CP] Check Pods Manifest.lock */ = {
			isa = PBXShellScriptBuildPhase;
			buildActionMask = 2147483647;
			files = (
			);
			inputPaths = (
				"${PODS_PODFILE_DIR_PATH}/Podfile.lock",
				"${PODS_ROOT}/Manifest.lock",
			);
			name = "[CP] Check Pods Manifest.lock";
			outputPaths = (
				"$(DERIVED_FILE_DIR)/Pods-RxSwiftDemo-checkManifestLockResult.txt",
			);
			runOnlyForDeploymentPostprocessing = 0;
			shellPath = /bin/sh;
			shellScript = "diff \"${PODS_PODFILE_DIR_PATH}/Podfile.lock\" \"${PODS_ROOT}/Manifest.lock\" > /dev/null\nif [ $? != 0 ] ; then\n    # print error to STDERR\n    echo \"error: The sandbox is not in sync with the Podfile.lock. Run 'pod install' or update your CocoaPods installation.\" >&2\n    exit 1\nfi\n# This output is used by Xcode 'outputs' to avoid re-running this script phase.\necho \"SUCCESS\" > \"${SCRIPT_OUTPUT_FILE_0}\"\n";
			showEnvVarsInLog = 0;
		};
		3CC1239BFDCAA239322DDFA2 /* [CP] Copy Pods Resources */ = {
			isa = PBXShellScriptBuildPhase;
			buildActionMask = 2147483647;
			files = (
			);
			inputPaths = (
			);
			name = "[CP] Copy Pods Resources";
			outputPaths = (
			);
			runOnlyForDeploymentPostprocessing = 0;
			shellPath = /bin/sh;
			shellScript = "\"${SRCROOT}/Pods/Target Support Files/Pods-RxSwiftDemo/Pods-RxSwiftDemo-resources.sh\"\n";
			showEnvVarsInLog = 0;
		};
		659806B7A38F1E0D45725151 /* [CP] Embed Pods Frameworks */ = {
			isa = PBXShellScriptBuildPhase;
			buildActionMask = 2147483647;
			files = (
			);
			inputPaths = (
				"${SRCROOT}/Pods/Target Support Files/Pods-RxSwiftDemo/Pods-RxSwiftDemo-frameworks.sh",
				"${BUILT_PRODUCTS_DIR}/RxCocoa/RxCocoa.framework",
				"${BUILT_PRODUCTS_DIR}/RxSwift/RxSwift.framework",
			);
			name = "[CP] Embed Pods Frameworks";
			outputPaths = (
				"${TARGET_BUILD_DIR}/${FRAMEWORKS_FOLDER_PATH}/RxCocoa.framework",
				"${TARGET_BUILD_DIR}/${FRAMEWORKS_FOLDER_PATH}/RxSwift.framework",
			);
			runOnlyForDeploymentPostprocessing = 0;
			shellPath = /bin/sh;
			shellScript = "\"${SRCROOT}/Pods/Target Support Files/Pods-RxSwiftDemo/Pods-RxSwiftDemo-frameworks.sh\"\n";
			showEnvVarsInLog = 0;
		};
/* End PBXShellScriptBuildPhase section */

/* Begin PBXSourcesBuildPhase section */
		C7701EB31F171A6F006EDEF7 /* Sources */ = {
			isa = PBXSourcesBuildPhase;
			buildActionMask = 2147483647;
			files = (
				C7BDD2C31F5D51F400841034 /* Protocols.swift in Sources */,
				C7701EBD1F171A6F006EDEF7 /* ViewController.swift in Sources */,
				C7BDD2CD1F5D539300841034 /* ValidatedModel.swift in Sources */,
				C7BDD2CB1F5D538900841034 /* ViewModel.swift in Sources */,
				C7701EBB1F171A6F006EDEF7 /* AppDelegate.swift in Sources */,
			);
			runOnlyForDeploymentPostprocessing = 0;
		};
/* End PBXSourcesBuildPhase section */

/* Begin PBXVariantGroup section */
		C7701EBE1F171A6F006EDEF7 /* Main.storyboard */ = {
			isa = PBXVariantGroup;
			children = (
				C7701EBF1F171A6F006EDEF7 /* Base */,
			);
			name = Main.storyboard;
			sourceTree = "<group>";
		};
		C7701EC31F171A6F006EDEF7 /* LaunchScreen.storyboard */ = {
			isa = PBXVariantGroup;
			children = (
				C7701EC41F171A6F006EDEF7 /* Base */,
			);
			name = LaunchScreen.storyboard;
			sourceTree = "<group>";
		};
/* End PBXVariantGroup section */

/* Begin XCBuildConfiguration section */
		C7701EC71F171A6F006EDEF7 /* Debug */ = {
			isa = XCBuildConfiguration;
			buildSettings = {
				ALWAYS_SEARCH_USER_PATHS = NO;
				CLANG_ANALYZER_NONNULL = YES;
				CLANG_ANALYZER_NUMBER_OBJECT_CONVERSION = YES_AGGRESSIVE;
				CLANG_CXX_LANGUAGE_STANDARD = "gnu++0x";
				CLANG_CXX_LIBRARY = "libc++";
				CLANG_ENABLE_MODULES = YES;
				CLANG_ENABLE_OBJC_ARC = YES;
				CLANG_WARN_BOOL_CONVERSION = YES;
				CLANG_WARN_CONSTANT_CONVERSION = YES;
				CLANG_WARN_DIRECT_OBJC_ISA_USAGE = YES_ERROR;
				CLANG_WARN_DOCUMENTATION_COMMENTS = YES;
				CLANG_WARN_EMPTY_BODY = YES;
				CLANG_WARN_ENUM_CONVERSION = YES;
				CLANG_WARN_INFINITE_RECURSION = YES;
				CLANG_WARN_INT_CONVERSION = YES;
				CLANG_WARN_OBJC_ROOT_CLASS = YES_ERROR;
				CLANG_WARN_SUSPICIOUS_MOVE = YES;
				CLANG_WARN_UNREACHABLE_CODE = YES;
				CLANG_WARN__DUPLICATE_METHOD_MATCH = YES;
				"CODE_SIGN_IDENTITY[sdk=iphoneos*]" = "iPhone Developer";
				COPY_PHASE_STRIP = NO;
				DEBUG_INFORMATION_FORMAT = dwarf;
				ENABLE_STRICT_OBJC_MSGSEND = YES;
				ENABLE_TESTABILITY = YES;
				GCC_C_LANGUAGE_STANDARD = gnu99;
				GCC_DYNAMIC_NO_PIC = NO;
				GCC_NO_COMMON_BLOCKS = YES;
				GCC_OPTIMIZATION_LEVEL = 0;
				GCC_PREPROCESSOR_DEFINITIONS = (
					"DEBUG=1",
					"$(inherited)",
				);
				GCC_WARN_64_TO_32_BIT_CONVERSION = YES;
				GCC_WARN_ABOUT_RETURN_TYPE = YES_ERROR;
				GCC_WARN_UNDECLARED_SELECTOR = YES;
				GCC_WARN_UNINITIALIZED_AUTOS = YES_AGGRESSIVE;
				GCC_WARN_UNUSED_FUNCTION = YES;
				GCC_WARN_UNUSED_VARIABLE = YES;
				IPHONEOS_DEPLOYMENT_TARGET = 10.3;
				MTL_ENABLE_DEBUG_INFO = YES;
				ONLY_ACTIVE_ARCH = YES;
				SDKROOT = iphoneos;
				SWIFT_ACTIVE_COMPILATION_CONDITIONS = DEBUG;
				SWIFT_OPTIMIZATION_LEVEL = "-Onone";
			};
			name = Debug;
		};
		C7701EC81F171A6F006EDEF7 /* Release */ = {
			isa = XCBuildConfiguration;
			buildSettings = {
				ALWAYS_SEARCH_USER_PATHS = NO;
				CLANG_ANALYZER_NONNULL = YES;
				CLANG_ANALYZER_NUMBER_OBJECT_CONVERSION = YES_AGGRESSIVE;
				CLANG_CXX_LANGUAGE_STANDARD = "gnu++0x";
				CLANG_CXX_LIBRARY = "libc++";
				CLANG_ENABLE_MODULES = YES;
				CLANG_ENABLE_OBJC_ARC = YES;
				CLANG_WARN_BOOL_CONVERSION = YES;
				CLANG_WARN_CONSTANT_CONVERSION = YES;
				CLANG_WARN_DIRECT_OBJC_ISA_USAGE = YES_ERROR;
				CLANG_WARN_DOCUMENTATION_COMMENTS = YES;
				CLANG_WARN_EMPTY_BODY = YES;
				CLANG_WARN_ENUM_CONVERSION = YES;
				CLANG_WARN_INFINITE_RECURSION = YES;
				CLANG_WARN_INT_CONVERSION = YES;
				CLANG_WARN_OBJC_ROOT_CLASS = YES_ERROR;
				CLANG_WARN_SUSPICIOUS_MOVE = YES;
				CLANG_WARN_UNREACHABLE_CODE = YES;
				CLANG_WARN__DUPLICATE_METHOD_MATCH = YES;
				"CODE_SIGN_IDENTITY[sdk=iphoneos*]" = "iPhone Developer";
				COPY_PHASE_STRIP = NO;
				DEBUG_INFORMATION_FORMAT = "dwarf-with-dsym";
				ENABLE_NS_ASSERTIONS = NO;
				ENABLE_STRICT_OBJC_MSGSEND = YES;
				GCC_C_LANGUAGE_STANDARD = gnu99;
				GCC_NO_COMMON_BLOCKS = YES;
				GCC_WARN_64_TO_32_BIT_CONVERSION = YES;
				GCC_WARN_ABOUT_RETURN_TYPE = YES_ERROR;
				GCC_WARN_UNDECLARED_SELECTOR = YES;
				GCC_WARN_UNINITIALIZED_AUTOS = YES_AGGRESSIVE;
				GCC_WARN_UNUSED_FUNCTION = YES;
				GCC_WARN_UNUSED_VARIABLE = YES;
				IPHONEOS_DEPLOYMENT_TARGET = 10.3;
				MTL_ENABLE_DEBUG_INFO = NO;
				SDKROOT = iphoneos;
				SWIFT_OPTIMIZATION_LEVEL = "-Owholemodule";
				VALIDATE_PRODUCT = YES;
			};
			name = Release;
		};
		C7701ECA1F171A6F006EDEF7 /* Debug */ = {
			isa = XCBuildConfiguration;
			baseConfigurationReference = 4557FF21A250DB7B83380ED1 /* Pods-RxSwiftDemo.debug.xcconfig */;
			buildSettings = {
				ASSETCATALOG_COMPILER_APPICON_NAME = AppIcon;
				DEVELOPMENT_TEAM = RAT87H825N;
				INFOPLIST_FILE = RxSwiftDemo/Info.plist;
				LD_RUNPATH_SEARCH_PATHS = "$(inherited) @executable_path/Frameworks";
				PRODUCT_BUNDLE_IDENTIFIER = com.jj.RxSwiftDemo;
				PRODUCT_NAME = "$(TARGET_NAME)";
				SWIFT_VERSION = 3.0;
			};
			name = Debug;
		};
		C7701ECB1F171A6F006EDEF7 /* Release */ = {
			isa = XCBuildConfiguration;
			baseConfigurationReference = 58026ADB9A863FB506C0B8E8 /* Pods-RxSwiftDemo.release.xcconfig */;
			buildSettings = {
				ASSETCATALOG_COMPILER_APPICON_NAME = AppIcon;
				DEVELOPMENT_TEAM = RAT87H825N;
				INFOPLIST_FILE = RxSwiftDemo/Info.plist;
				LD_RUNPATH_SEARCH_PATHS = "$(inherited) @executable_path/Frameworks";
				PRODUCT_BUNDLE_IDENTIFIER = com.jj.RxSwiftDemo;
				PRODUCT_NAME = "$(TARGET_NAME)";
				SWIFT_VERSION = 3.0;
			};
			name = Release;
		};
/* End XCBuildConfiguration section */

/* Begin XCConfigurationList section */
		C7701EB21F171A6F006EDEF7 /* Build configuration list for PBXProject "RxSwiftDemo" */ = {
			isa = XCConfigurationList;
			buildConfigurations = (
				C7701EC71F171A6F006EDEF7 /* Debug */,
				C7701EC81F171A6F006EDEF7 /* Release */,
			);
			defaultConfigurationIsVisible = 0;
			defaultConfigurationName = Release;
		};
		C7701EC91F171A6F006EDEF7 /* Build configuration list for PBXNativeTarget "RxSwiftDemo" */ = {
			isa = XCConfigurationList;
			buildConfigurations = (
				C7701ECA1F171A6F006EDEF7 /* Debug */,
				C7701ECB1F171A6F006EDEF7 /* Release */,
			);
			defaultConfigurationIsVisible = 0;
			defaultConfigurationName = Release;
		};
/* End XCConfigurationList section */
	};
	rootObject = C7701EAF1F171A6F006EDEF7 /* Project object */;
}
